{
  "requires": true,
  "lockfileVersion": 1,
  "dependencies": {
    "symfony-collection-js": {
      "version": "3.0.2",
      "resolved": "https://registry.npmjs.org/symfony-collection-js/-/symfony-collection-js-3.0.2.tgz",
      "integrity": "sha512-yGnrFeYm3PWyNA3/ymmISS6uK9qojt4LGYev/RS4+ao5LTtAEUidnyJC1z4LT51BFlrM4bkQB3WfAOgNtmUzyQ=="
    }
  }
}
